
Microsoft Visual Studio Solution File, Format Version 12.00
# Visual Studio Version 17
VisualStudioVersion = 17.13.35818.85
MinimumVisualStudioVersion = 10.0.40219.1
Project("{8BC9CEB8-8B4A-11D0-8D11-00A0C91BC942}") = "02_LogikOperators", "02_LogikOperators\02_LogikOperators.vcxproj", "{445B3004-8568-4B2E-8391-A08197C6D814}"
EndProject
Project("{8BC9CEB8-8B4A-11D0-8D11-00A0C91BC942}") = "03_SwitchEnum", "03_SwitchEnum\03_SwitchEnum.vcxproj", "{73546FD4-2B3C-4F87-A83F-92D4756DA67A}"
EndProject
Project("{8BC9CEB8-8B4A-11D0-8D11-00A0C91BC942}") = "04_While", "04_While\04_While.vcxproj", "{081CC7A3-DAD3-4F53-A29F-372ED3D5E2D2}"
EndProject
Project("{8BC9CEB8-8B4A-11D0-8D11-00A0C91BC942}") = "05_For", "05_For\05_For.vcxproj", "{787EAD05-B70C-4275-82C3-88D6CD7A5C23}"
EndProject
Project("{8BC9CEB8-8B4A-11D0-8D11-00A0C91BC942}") = "06_Array(Lists)", "06_Array(Lists)\06_Array(Lists).vcxproj", "{450429CC-0A55-40E9-B46E-D085D53E3CAC}"
EndProject
Project("{8BC9CEB8-8B4A-11D0-8D11-00A0C91BC942}") = "07_RandomMatrix", "07_RandomMatrix\07_RandomMatrix\07_RandomMatrix.vcxproj", "{95DEE877-1D5C-4778-83BD-482CBBF9D34D}"
EndProject
Project("{8BC9CEB8-8B4A-11D0-8D11-00A0C91BC942}") = "08_Functions", "08_Functions\08_Functions.vcxproj", "{88839F12-FDF4-478C-9BA9-04014948BFD4}"
EndProject
Project("{8BC9CEB8-8B4A-11D0-8D11-00A0C91BC942}") = "01_C++intro", "01_C++intro\01_C++intro.vcxproj", "{D9F5609C-7C0A-42DE-BF30-207D51BB1E14}"
EndProject
Project("{8BC9CEB8-8B4A-11D0-8D11-00A0C91BC942}") = "09_OverloadFunctionTemplate", "09_OverloadFunctionTemplate\09_OverloadFunctionTemplate.vcxproj", "{1C9A556A-2894-4B1A-A84D-10C2F045CA70}"
EndProject
Project("{8BC9CEB8-8B4A-11D0-8D11-00A0C91BC942}") = "11_Pointers", "11_Pointers\11_Pointers.vcxproj", "{45A0EFC6-2F44-4B88-8847-31F02A0FB94C}"
EndProject
Project("{8BC9CEB8-8B4A-11D0-8D11-00A0C91BC942}") = "12_PointersInFunction", "12_PointersInFunction\12_PointersInFunction.vcxproj", "{D29CB819-939A-4224-9AE7-5536023B86A1}"
EndProject
Project("{8BC9CEB8-8B4A-11D0-8D11-00A0C91BC942}") = "13_FormatFunctions", "13_FormatFunctions\13_FormatFunctions.vcxproj", "{A51F6BF1-E663-4401-B254-A12B7F09A835}"
EndProject
Global
	GlobalSection(SolutionConfigurationPlatforms) = preSolution
		Debug|Any CPU = Debug|Any CPU
		Debug|x64 = Debug|x64
		Debug|x86 = Debug|x86
		Release|Any CPU = Release|Any CPU
		Release|x64 = Release|x64
		Release|x86 = Release|x86
	EndGlobalSection
	GlobalSection(ProjectConfigurationPlatforms) = postSolution
		{445B3004-8568-4B2E-8391-A08197C6D814}.Debug|Any CPU.ActiveCfg = Debug|x64
		{445B3004-8568-4B2E-8391-A08197C6D814}.Debug|Any CPU.Build.0 = Debug|x64
		{445B3004-8568-4B2E-8391-A08197C6D814}.Debug|x64.ActiveCfg = Debug|x64
		{445B3004-8568-4B2E-8391-A08197C6D814}.Debug|x64.Build.0 = Debug|x64
		{445B3004-8568-4B2E-8391-A08197C6D814}.Debug|x86.ActiveCfg = Debug|Win32
		{445B3004-8568-4B2E-8391-A08197C6D814}.Debug|x86.Build.0 = Debug|Win32
		{445B3004-8568-4B2E-8391-A08197C6D814}.Release|Any CPU.ActiveCfg = Release|x64
		{445B3004-8568-4B2E-8391-A08197C6D814}.Release|Any CPU.Build.0 = Release|x64
		{445B3004-8568-4B2E-8391-A08197C6D814}.Release|x64.ActiveCfg = Release|x64
		{445B3004-8568-4B2E-8391-A08197C6D814}.Release|x64.Build.0 = Release|x64
		{445B3004-8568-4B2E-8391-A08197C6D814}.Release|x86.ActiveCfg = Release|Win32
		{445B3004-8568-4B2E-8391-A08197C6D814}.Release|x86.Build.0 = Release|Win32
		{73546FD4-2B3C-4F87-A83F-92D4756DA67A}.Debug|Any CPU.ActiveCfg = Debug|x64
		{73546FD4-2B3C-4F87-A83F-92D4756DA67A}.Debug|Any CPU.Build.0 = Debug|x64
		{73546FD4-2B3C-4F87-A83F-92D4756DA67A}.Debug|x64.ActiveCfg = Debug|x64
		{73546FD4-2B3C-4F87-A83F-92D4756DA67A}.Debug|x64.Build.0 = Debug|x64
		{73546FD4-2B3C-4F87-A83F-92D4756DA67A}.Debug|x86.ActiveCfg = Debug|Win32
		{73546FD4-2B3C-4F87-A83F-92D4756DA67A}.Debug|x86.Build.0 = Debug|Win32
		{73546FD4-2B3C-4F87-A83F-92D4756DA67A}.Release|Any CPU.ActiveCfg = Release|x64
		{73546FD4-2B3C-4F87-A83F-92D4756DA67A}.Release|Any CPU.Build.0 = Release|x64
		{73546FD4-2B3C-4F87-A83F-92D4756DA67A}.Release|x64.ActiveCfg = Release|x64
		{73546FD4-2B3C-4F87-A83F-92D4756DA67A}.Release|x64.Build.0 = Release|x64
		{73546FD4-2B3C-4F87-A83F-92D4756DA67A}.Release|x86.ActiveCfg = Release|Win32
		{73546FD4-2B3C-4F87-A83F-92D4756DA67A}.Release|x86.Build.0 = Release|Win32
		{081CC7A3-DAD3-4F53-A29F-372ED3D5E2D2}.Debug|Any CPU.ActiveCfg = Debug|x64
		{081CC7A3-DAD3-4F53-A29F-372ED3D5E2D2}.Debug|Any CPU.Build.0 = Debug|x64
		{081CC7A3-DAD3-4F53-A29F-372ED3D5E2D2}.Debug|x64.ActiveCfg = Debug|x64
		{081CC7A3-DAD3-4F53-A29F-372ED3D5E2D2}.Debug|x64.Build.0 = Debug|x64
		{081CC7A3-DAD3-4F53-A29F-372ED3D5E2D2}.Debug|x86.ActiveCfg = Debug|Win32
		{081CC7A3-DAD3-4F53-A29F-372ED3D5E2D2}.Debug|x86.Build.0 = Debug|Win32
		{081CC7A3-DAD3-4F53-A29F-372ED3D5E2D2}.Release|Any CPU.ActiveCfg = Release|x64
		{081CC7A3-DAD3-4F53-A29F-372ED3D5E2D2}.Release|Any CPU.Build.0 = Release|x64
		{081CC7A3-DAD3-4F53-A29F-372ED3D5E2D2}.Release|x64.ActiveCfg = Release|x64
		{081CC7A3-DAD3-4F53-A29F-372ED3D5E2D2}.Release|x64.Build.0 = Release|x64
		{081CC7A3-DAD3-4F53-A29F-372ED3D5E2D2}.Release|x86.ActiveCfg = Release|Win32
		{081CC7A3-DAD3-4F53-A29F-372ED3D5E2D2}.Release|x86.Build.0 = Release|Win32
		{787EAD05-B70C-4275-82C3-88D6CD7A5C23}.Debug|Any CPU.ActiveCfg = Debug|x64
		{787EAD05-B70C-4275-82C3-88D6CD7A5C23}.Debug|Any CPU.Build.0 = Debug|x64
		{787EAD05-B70C-4275-82C3-88D6CD7A5C23}.Debug|x64.ActiveCfg = Debug|x64
		{787EAD05-B70C-4275-82C3-88D6CD7A5C23}.Debug|x64.Build.0 = Debug|x64
		{787EAD05-B70C-4275-82C3-88D6CD7A5C23}.Debug|x86.ActiveCfg = Debug|Win32
		{787EAD05-B70C-4275-82C3-88D6CD7A5C23}.Debug|x86.Build.0 = Debug|Win32
		{787EAD05-B70C-4275-82C3-88D6CD7A5C23}.Release|Any CPU.ActiveCfg = Release|x64
		{787EAD05-B70C-4275-82C3-88D6CD7A5C23}.Release|Any CPU.Build.0 = Release|x64
		{787EAD05-B70C-4275-82C3-88D6CD7A5C23}.Release|x64.ActiveCfg = Release|x64
		{787EAD05-B70C-4275-82C3-88D6CD7A5C23}.Release|x64.Build.0 = Release|x64
		{787EAD05-B70C-4275-82C3-88D6CD7A5C23}.Release|x86.ActiveCfg = Release|Win32
		{787EAD05-B70C-4275-82C3-88D6CD7A5C23}.Release|x86.Build.0 = Release|Win32
		{450429CC-0A55-40E9-B46E-D085D53E3CAC}.Debug|Any CPU.ActiveCfg = Debug|x64
		{450429CC-0A55-40E9-B46E-D085D53E3CAC}.Debug|Any CPU.Build.0 = Debug|x64
		{450429CC-0A55-40E9-B46E-D085D53E3CAC}.Debug|x64.ActiveCfg = Debug|x64
		{450429CC-0A55-40E9-B46E-D085D53E3CAC}.Debug|x64.Build.0 = Debug|x64
		{450429CC-0A55-40E9-B46E-D085D53E3CAC}.Debug|x86.ActiveCfg = Debug|Win32
		{450429CC-0A55-40E9-B46E-D085D53E3CAC}.Debug|x86.Build.0 = Debug|Win32
		{450429CC-0A55-40E9-B46E-D085D53E3CAC}.Release|Any CPU.ActiveCfg = Release|x64
		{450429CC-0A55-40E9-B46E-D085D53E3CAC}.Release|Any CPU.Build.0 = Release|x64
		{450429CC-0A55-40E9-B46E-D085D53E3CAC}.Release|x64.ActiveCfg = Release|x64
		{450429CC-0A55-40E9-B46E-D085D53E3CAC}.Release|x64.Build.0 = Release|x64
		{450429CC-0A55-40E9-B46E-D085D53E3CAC}.Release|x86.ActiveCfg = Release|Win32
		{450429CC-0A55-40E9-B46E-D085D53E3CAC}.Release|x86.Build.0 = Release|Win32
		{95DEE877-1D5C-4778-83BD-482CBBF9D34D}.Debug|Any CPU.ActiveCfg = Debug|x64
		{95DEE877-1D5C-4778-83BD-482CBBF9D34D}.Debug|Any CPU.Build.0 = Debug|x64
		{95DEE877-1D5C-4778-83BD-482CBBF9D34D}.Debug|x64.ActiveCfg = Debug|x64
		{95DEE877-1D5C-4778-83BD-482CBBF9D34D}.Debug|x64.Build.0 = Debug|x64
		{95DEE877-1D5C-4778-83BD-482CBBF9D34D}.Debug|x86.ActiveCfg = Debug|Win32
		{95DEE877-1D5C-4778-83BD-482CBBF9D34D}.Debug|x86.Build.0 = Debug|Win32
		{95DEE877-1D5C-4778-83BD-482CBBF9D34D}.Release|Any CPU.ActiveCfg = Release|x64
		{95DEE877-1D5C-4778-83BD-482CBBF9D34D}.Release|Any CPU.Build.0 = Release|x64
		{95DEE877-1D5C-4778-83BD-482CBBF9D34D}.Release|x64.ActiveCfg = Release|x64
		{95DEE877-1D5C-4778-83BD-482CBBF9D34D}.Release|x64.Build.0 = Release|x64
		{95DEE877-1D5C-4778-83BD-482CBBF9D34D}.Release|x86.ActiveCfg = Release|Win32
		{95DEE877-1D5C-4778-83BD-482CBBF9D34D}.Release|x86.Build.0 = Release|Win32
		{88839F12-FDF4-478C-9BA9-04014948BFD4}.Debug|Any CPU.ActiveCfg = Debug|x64
		{88839F12-FDF4-478C-9BA9-04014948BFD4}.Debug|Any CPU.Build.0 = Debug|x64
		{88839F12-FDF4-478C-9BA9-04014948BFD4}.Debug|x64.ActiveCfg = Debug|x64
		{88839F12-FDF4-478C-9BA9-04014948BFD4}.Debug|x64.Build.0 = Debug|x64
		{88839F12-FDF4-478C-9BA9-04014948BFD4}.Debug|x86.ActiveCfg = Debug|Win32
		{88839F12-FDF4-478C-9BA9-04014948BFD4}.Debug|x86.Build.0 = Debug|Win32
		{88839F12-FDF4-478C-9BA9-04014948BFD4}.Release|Any CPU.ActiveCfg = Release|x64
		{88839F12-FDF4-478C-9BA9-04014948BFD4}.Release|Any CPU.Build.0 = Release|x64
		{88839F12-FDF4-478C-9BA9-04014948BFD4}.Release|x64.ActiveCfg = Release|x64
		{88839F12-FDF4-478C-9BA9-04014948BFD4}.Release|x64.Build.0 = Release|x64
		{88839F12-FDF4-478C-9BA9-04014948BFD4}.Release|x86.ActiveCfg = Release|Win32
		{88839F12-FDF4-478C-9BA9-04014948BFD4}.Release|x86.Build.0 = Release|Win32
		{D9F5609C-7C0A-42DE-BF30-207D51BB1E14}.Debug|Any CPU.ActiveCfg = Debug|x64
		{D9F5609C-7C0A-42DE-BF30-207D51BB1E14}.Debug|Any CPU.Build.0 = Debug|x64
		{D9F5609C-7C0A-42DE-BF30-207D51BB1E14}.Debug|x64.ActiveCfg = Debug|x64
		{D9F5609C-7C0A-42DE-BF30-207D51BB1E14}.Debug|x64.Build.0 = Debug|x64
		{D9F5609C-7C0A-42DE-BF30-207D51BB1E14}.Debug|x86.ActiveCfg = Debug|Win32
		{D9F5609C-7C0A-42DE-BF30-207D51BB1E14}.Debug|x86.Build.0 = Debug|Win32
		{D9F5609C-7C0A-42DE-BF30-207D51BB1E14}.Release|Any CPU.ActiveCfg = Release|x64
		{D9F5609C-7C0A-42DE-BF30-207D51BB1E14}.Release|Any CPU.Build.0 = Release|x64
		{D9F5609C-7C0A-42DE-BF30-207D51BB1E14}.Release|x64.ActiveCfg = Release|x64
		{D9F5609C-7C0A-42DE-BF30-207D51BB1E14}.Release|x64.Build.0 = Release|x64
		{D9F5609C-7C0A-42DE-BF30-207D51BB1E14}.Release|x86.ActiveCfg = Release|Win32
		{D9F5609C-7C0A-42DE-BF30-207D51BB1E14}.Release|x86.Build.0 = Release|Win32
		{1C9A556A-2894-4B1A-A84D-10C2F045CA70}.Debug|Any CPU.ActiveCfg = Debug|x64
		{1C9A556A-2894-4B1A-A84D-10C2F045CA70}.Debug|Any CPU.Build.0 = Debug|x64
		{1C9A556A-2894-4B1A-A84D-10C2F045CA70}.Debug|x64.ActiveCfg = Debug|x64
		{1C9A556A-2894-4B1A-A84D-10C2F045CA70}.Debug|x64.Build.0 = Debug|x64
		{1C9A556A-2894-4B1A-A84D-10C2F045CA70}.Debug|x86.ActiveCfg = Debug|Win32
		{1C9A556A-2894-4B1A-A84D-10C2F045CA70}.Debug|x86.Build.0 = Debug|Win32
		{1C9A556A-2894-4B1A-A84D-10C2F045CA70}.Release|Any CPU.ActiveCfg = Release|x64
		{1C9A556A-2894-4B1A-A84D-10C2F045CA70}.Release|Any CPU.Build.0 = Release|x64
		{1C9A556A-2894-4B1A-A84D-10C2F045CA70}.Release|x64.ActiveCfg = Release|x64
		{1C9A556A-2894-4B1A-A84D-10C2F045CA70}.Release|x64.Build.0 = Release|x64
		{1C9A556A-2894-4B1A-A84D-10C2F045CA70}.Release|x86.ActiveCfg = Release|Win32
		{1C9A556A-2894-4B1A-A84D-10C2F045CA70}.Release|x86.Build.0 = Release|Win32
		{45A0EFC6-2F44-4B88-8847-31F02A0FB94C}.Debug|Any CPU.ActiveCfg = Debug|x64
		{45A0EFC6-2F44-4B88-8847-31F02A0FB94C}.Debug|Any CPU.Build.0 = Debug|x64
		{45A0EFC6-2F44-4B88-8847-31F02A0FB94C}.Debug|x64.ActiveCfg = Debug|x64
		{45A0EFC6-2F44-4B88-8847-31F02A0FB94C}.Debug|x64.Build.0 = Debug|x64
		{45A0EFC6-2F44-4B88-8847-31F02A0FB94C}.Debug|x86.ActiveCfg = Debug|Win32
		{45A0EFC6-2F44-4B88-8847-31F02A0FB94C}.Debug|x86.Build.0 = Debug|Win32
		{45A0EFC6-2F44-4B88-8847-31F02A0FB94C}.Release|Any CPU.ActiveCfg = Release|x64
		{45A0EFC6-2F44-4B88-8847-31F02A0FB94C}.Release|Any CPU.Build.0 = Release|x64
		{45A0EFC6-2F44-4B88-8847-31F02A0FB94C}.Release|x64.ActiveCfg = Release|x64
		{45A0EFC6-2F44-4B88-8847-31F02A0FB94C}.Release|x64.Build.0 = Release|x64
		{45A0EFC6-2F44-4B88-8847-31F02A0FB94C}.Release|x86.ActiveCfg = Release|Win32
		{45A0EFC6-2F44-4B88-8847-31F02A0FB94C}.Release|x86.Build.0 = Release|Win32
		{D29CB819-939A-4224-9AE7-5536023B86A1}.Debug|Any CPU.ActiveCfg = Debug|x64
		{D29CB819-939A-4224-9AE7-5536023B86A1}.Debug|Any CPU.Build.0 = Debug|x64
		{D29CB819-939A-4224-9AE7-5536023B86A1}.Debug|x64.ActiveCfg = Debug|x64
		{D29CB819-939A-4224-9AE7-5536023B86A1}.Debug|x64.Build.0 = Debug|x64
		{D29CB819-939A-4224-9AE7-5536023B86A1}.Debug|x86.ActiveCfg = Debug|Win32
		{D29CB819-939A-4224-9AE7-5536023B86A1}.Debug|x86.Build.0 = Debug|Win32
		{D29CB819-939A-4224-9AE7-5536023B86A1}.Release|Any CPU.ActiveCfg = Release|x64
		{D29CB819-939A-4224-9AE7-5536023B86A1}.Release|Any CPU.Build.0 = Release|x64
		{D29CB819-939A-4224-9AE7-5536023B86A1}.Release|x64.ActiveCfg = Release|x64
		{D29CB819-939A-4224-9AE7-5536023B86A1}.Release|x64.Build.0 = Release|x64
		{D29CB819-939A-4224-9AE7-5536023B86A1}.Release|x86.ActiveCfg = Release|Win32
		{D29CB819-939A-4224-9AE7-5536023B86A1}.Release|x86.Build.0 = Release|Win32
		{A51F6BF1-E663-4401-B254-A12B7F09A835}.Debug|Any CPU.ActiveCfg = Debug|x64
		{A51F6BF1-E663-4401-B254-A12B7F09A835}.Debug|Any CPU.Build.0 = Debug|x64
		{A51F6BF1-E663-4401-B254-A12B7F09A835}.Debug|x64.ActiveCfg = Debug|x64
		{A51F6BF1-E663-4401-B254-A12B7F09A835}.Debug|x64.Build.0 = Debug|x64
		{A51F6BF1-E663-4401-B254-A12B7F09A835}.Debug|x86.ActiveCfg = Debug|Win32
		{A51F6BF1-E663-4401-B254-A12B7F09A835}.Debug|x86.Build.0 = Debug|Win32
		{A51F6BF1-E663-4401-B254-A12B7F09A835}.Release|Any CPU.ActiveCfg = Release|x64
		{A51F6BF1-E663-4401-B254-A12B7F09A835}.Release|Any CPU.Build.0 = Release|x64
		{A51F6BF1-E663-4401-B254-A12B7F09A835}.Release|x64.ActiveCfg = Release|x64
		{A51F6BF1-E663-4401-B254-A12B7F09A835}.Release|x64.Build.0 = Release|x64
		{A51F6BF1-E663-4401-B254-A12B7F09A835}.Release|x86.ActiveCfg = Release|Win32
		{A51F6BF1-E663-4401-B254-A12B7F09A835}.Release|x86.Build.0 = Release|Win32
	EndGlobalSection
	GlobalSection(SolutionProperties) = preSolution
		HideSolutionNode = FALSE
	EndGlobalSection
	GlobalSection(ExtensibilityGlobals) = postSolution
		SolutionGuid = {E93B0E42-04CA-4298-81DA-812191BC5088}
	EndGlobalSection
EndGlobal
