
Microsoft Visual Studio Solution File, Format Version 12.00
# Visual Studio Version 17
VisualStudioVersion = 17.13.35818.85
MinimumVisualStudioVersion = 10.0.40219.1
Project("{8BC9CEB8-8B4A-11D0-8D11-00A0C91BC942}") = "C++introduce", "C++code\C++code.vcxproj", "{D6CD2A4D-A6D8-4538-A565-F1DD85DFECF6}"
EndProject
Project("{8BC9CEB8-8B4A-11D0-8D11-00A0C91BC942}") = "02_LogikOperators", "02_LogikOperators\02_LogikOperators.vcxproj", "{445B3004-8568-4B2E-8391-A08197C6D814}"
EndProject
Project("{8BC9CEB8-8B4A-11D0-8D11-00A0C91BC942}") = "03_SwitchEnum", "03_SwitchEnum\03_SwitchEnum.vcxproj", "{73546FD4-2B3C-4F87-A83F-92D4756DA67A}"
EndProject
Project("{8BC9CEB8-8B4A-11D0-8D11-00A0C91BC942}") = "04_While", "04_While\04_While.vcxproj", "{081CC7A3-DAD3-4F53-A29F-372ED3D5E2D2}"
EndProject
Project("{8BC9CEB8-8B4A-11D0-8D11-00A0C91BC942}") = "05_For", "05_For\05_For.vcxproj", "{787EAD05-B70C-4275-82C3-88D6CD7A5C23}"
EndProject
Project("{8BC9CEB8-8B4A-11D0-8D11-00A0C91BC942}") = "06_Array(Lists)", "06_Array(Lists)\06_Array(Lists).vcxproj", "{450429CC-0A55-40E9-B46E-D085D53E3CAC}"
EndProject
Project("{8BC9CEB8-8B4A-11D0-8D11-00A0C91BC942}") = "Massive", "Massive\Massive.vcxproj", "{FDB0432A-B3B6-4DE8-872E-A2BD6D878CEF}"
EndProject
Global
	GlobalSection(SolutionConfigurationPlatforms) = preSolution
		Debug|Any CPU = Debug|Any CPU
		Debug|x64 = Debug|x64
		Debug|x86 = Debug|x86
		Release|Any CPU = Release|Any CPU
		Release|x64 = Release|x64
		Release|x86 = Release|x86
	EndGlobalSection
	GlobalSection(ProjectConfigurationPlatforms) = postSolution
		{D6CD2A4D-A6D8-4538-A565-F1DD85DFECF6}.Debug|Any CPU.ActiveCfg = Debug|x64
		{D6CD2A4D-A6D8-4538-A565-F1DD85DFECF6}.Debug|Any CPU.Build.0 = Debug|x64
		{D6CD2A4D-A6D8-4538-A565-F1DD85DFECF6}.Debug|x64.ActiveCfg = Debug|x64
		{D6CD2A4D-A6D8-4538-A565-F1DD85DFECF6}.Debug|x64.Build.0 = Debug|x64
		{D6CD2A4D-A6D8-4538-A565-F1DD85DFECF6}.Debug|x86.ActiveCfg = Debug|Win32
		{D6CD2A4D-A6D8-4538-A565-F1DD85DFECF6}.Debug|x86.Build.0 = Debug|Win32
		{D6CD2A4D-A6D8-4538-A565-F1DD85DFECF6}.Release|Any CPU.ActiveCfg = Release|x64
		{D6CD2A4D-A6D8-4538-A565-F1DD85DFECF6}.Release|Any CPU.Build.0 = Release|x64
		{D6CD2A4D-A6D8-4538-A565-F1DD85DFECF6}.Release|x64.ActiveCfg = Release|x64
		{D6CD2A4D-A6D8-4538-A565-F1DD85DFECF6}.Release|x64.Build.0 = Release|x64
		{D6CD2A4D-A6D8-4538-A565-F1DD85DFECF6}.Release|x86.ActiveCfg = Release|Win32
		{D6CD2A4D-A6D8-4538-A565-F1DD85DFECF6}.Release|x86.Build.0 = Release|Win32
		{445B3004-8568-4B2E-8391-A08197C6D814}.Debug|Any CPU.ActiveCfg = Debug|x64
		{445B3004-8568-4B2E-8391-A08197C6D814}.Debug|Any CPU.Build.0 = Debug|x64
		{445B3004-8568-4B2E-8391-A08197C6D814}.Debug|x64.ActiveCfg = Debug|x64
		{445B3004-8568-4B2E-8391-A08197C6D814}.Debug|x64.Build.0 = Debug|x64
		{445B3004-8568-4B2E-8391-A08197C6D814}.Debug|x86.ActiveCfg = Debug|Win32
		{445B3004-8568-4B2E-8391-A08197C6D814}.Debug|x86.Build.0 = Debug|Win32
		{445B3004-8568-4B2E-8391-A08197C6D814}.Release|Any CPU.ActiveCfg = Release|x64
		{445B3004-8568-4B2E-8391-A08197C6D814}.Release|Any CPU.Build.0 = Release|x64
		{445B3004-8568-4B2E-8391-A08197C6D814}.Release|x64.ActiveCfg = Release|x64
		{445B3004-8568-4B2E-8391-A08197C6D814}.Release|x64.Build.0 = Release|x64
		{445B3004-8568-4B2E-8391-A08197C6D814}.Release|x86.ActiveCfg = Release|Win32
		{445B3004-8568-4B2E-8391-A08197C6D814}.Release|x86.Build.0 = Release|Win32
		{73546FD4-2B3C-4F87-A83F-92D4756DA67A}.Debug|Any CPU.ActiveCfg = Debug|x64
		{73546FD4-2B3C-4F87-A83F-92D4756DA67A}.Debug|Any CPU.Build.0 = Debug|x64
		{73546FD4-2B3C-4F87-A83F-92D4756DA67A}.Debug|x64.ActiveCfg = Debug|x64
		{73546FD4-2B3C-4F87-A83F-92D4756DA67A}.Debug|x64.Build.0 = Debug|x64
		{73546FD4-2B3C-4F87-A83F-92D4756DA67A}.Debug|x86.ActiveCfg = Debug|Win32
		{73546FD4-2B3C-4F87-A83F-92D4756DA67A}.Debug|x86.Build.0 = Debug|Win32
		{73546FD4-2B3C-4F87-A83F-92D4756DA67A}.Release|Any CPU.ActiveCfg = Release|x64
		{73546FD4-2B3C-4F87-A83F-92D4756DA67A}.Release|Any CPU.Build.0 = Release|x64
		{73546FD4-2B3C-4F87-A83F-92D4756DA67A}.Release|x64.ActiveCfg = Release|x64
		{73546FD4-2B3C-4F87-A83F-92D4756DA67A}.Release|x64.Build.0 = Release|x64
		{73546FD4-2B3C-4F87-A83F-92D4756DA67A}.Release|x86.ActiveCfg = Release|Win32
		{73546FD4-2B3C-4F87-A83F-92D4756DA67A}.Release|x86.Build.0 = Release|Win32
		{081CC7A3-DAD3-4F53-A29F-372ED3D5E2D2}.Debug|Any CPU.ActiveCfg = Debug|x64
		{081CC7A3-DAD3-4F53-A29F-372ED3D5E2D2}.Debug|Any CPU.Build.0 = Debug|x64
		{081CC7A3-DAD3-4F53-A29F-372ED3D5E2D2}.Debug|x64.ActiveCfg = Debug|x64
		{081CC7A3-DAD3-4F53-A29F-372ED3D5E2D2}.Debug|x64.Build.0 = Debug|x64
		{081CC7A3-DAD3-4F53-A29F-372ED3D5E2D2}.Debug|x86.ActiveCfg = Debug|Win32
		{081CC7A3-DAD3-4F53-A29F-372ED3D5E2D2}.Debug|x86.Build.0 = Debug|Win32
		{081CC7A3-DAD3-4F53-A29F-372ED3D5E2D2}.Release|Any CPU.ActiveCfg = Release|x64
		{081CC7A3-DAD3-4F53-A29F-372ED3D5E2D2}.Release|Any CPU.Build.0 = Release|x64
		{081CC7A3-DAD3-4F53-A29F-372ED3D5E2D2}.Release|x64.ActiveCfg = Release|x64
		{081CC7A3-DAD3-4F53-A29F-372ED3D5E2D2}.Release|x64.Build.0 = Release|x64
		{081CC7A3-DAD3-4F53-A29F-372ED3D5E2D2}.Release|x86.ActiveCfg = Release|Win32
		{081CC7A3-DAD3-4F53-A29F-372ED3D5E2D2}.Release|x86.Build.0 = Release|Win32
		{787EAD05-B70C-4275-82C3-88D6CD7A5C23}.Debug|Any CPU.ActiveCfg = Debug|x64
		{787EAD05-B70C-4275-82C3-88D6CD7A5C23}.Debug|Any CPU.Build.0 = Debug|x64
		{787EAD05-B70C-4275-82C3-88D6CD7A5C23}.Debug|x64.ActiveCfg = Debug|x64
		{787EAD05-B70C-4275-82C3-88D6CD7A5C23}.Debug|x64.Build.0 = Debug|x64
		{787EAD05-B70C-4275-82C3-88D6CD7A5C23}.Debug|x86.ActiveCfg = Debug|Win32
		{787EAD05-B70C-4275-82C3-88D6CD7A5C23}.Debug|x86.Build.0 = Debug|Win32
		{787EAD05-B70C-4275-82C3-88D6CD7A5C23}.Release|Any CPU.ActiveCfg = Release|x64
		{787EAD05-B70C-4275-82C3-88D6CD7A5C23}.Release|Any CPU.Build.0 = Release|x64
		{787EAD05-B70C-4275-82C3-88D6CD7A5C23}.Release|x64.ActiveCfg = Release|x64
		{787EAD05-B70C-4275-82C3-88D6CD7A5C23}.Release|x64.Build.0 = Release|x64
		{787EAD05-B70C-4275-82C3-88D6CD7A5C23}.Release|x86.ActiveCfg = Release|Win32
		{787EAD05-B70C-4275-82C3-88D6CD7A5C23}.Release|x86.Build.0 = Release|Win32
		{450429CC-0A55-40E9-B46E-D085D53E3CAC}.Debug|Any CPU.ActiveCfg = Debug|x64
		{450429CC-0A55-40E9-B46E-D085D53E3CAC}.Debug|Any CPU.Build.0 = Debug|x64
		{450429CC-0A55-40E9-B46E-D085D53E3CAC}.Debug|x64.ActiveCfg = Debug|x64
		{450429CC-0A55-40E9-B46E-D085D53E3CAC}.Debug|x64.Build.0 = Debug|x64
		{450429CC-0A55-40E9-B46E-D085D53E3CAC}.Debug|x86.ActiveCfg = Debug|Win32
		{450429CC-0A55-40E9-B46E-D085D53E3CAC}.Debug|x86.Build.0 = Debug|Win32
		{450429CC-0A55-40E9-B46E-D085D53E3CAC}.Release|Any CPU.ActiveCfg = Release|x64
		{450429CC-0A55-40E9-B46E-D085D53E3CAC}.Release|Any CPU.Build.0 = Release|x64
		{450429CC-0A55-40E9-B46E-D085D53E3CAC}.Release|x64.ActiveCfg = Release|x64
		{450429CC-0A55-40E9-B46E-D085D53E3CAC}.Release|x64.Build.0 = Release|x64
		{450429CC-0A55-40E9-B46E-D085D53E3CAC}.Release|x86.ActiveCfg = Release|Win32
		{450429CC-0A55-40E9-B46E-D085D53E3CAC}.Release|x86.Build.0 = Release|Win32
		{FDB0432A-B3B6-4DE8-872E-A2BD6D878CEF}.Debug|Any CPU.ActiveCfg = Debug|x64
		{FDB0432A-B3B6-4DE8-872E-A2BD6D878CEF}.Debug|Any CPU.Build.0 = Debug|x64
		{FDB0432A-B3B6-4DE8-872E-A2BD6D878CEF}.Debug|x64.ActiveCfg = Debug|x64
		{FDB0432A-B3B6-4DE8-872E-A2BD6D878CEF}.Debug|x64.Build.0 = Debug|x64
		{FDB0432A-B3B6-4DE8-872E-A2BD6D878CEF}.Debug|x86.ActiveCfg = Debug|Win32
		{FDB0432A-B3B6-4DE8-872E-A2BD6D878CEF}.Debug|x86.Build.0 = Debug|Win32
		{FDB0432A-B3B6-4DE8-872E-A2BD6D878CEF}.Release|Any CPU.ActiveCfg = Release|x64
		{FDB0432A-B3B6-4DE8-872E-A2BD6D878CEF}.Release|Any CPU.Build.0 = Release|x64
		{FDB0432A-B3B6-4DE8-872E-A2BD6D878CEF}.Release|x64.ActiveCfg = Release|x64
		{FDB0432A-B3B6-4DE8-872E-A2BD6D878CEF}.Release|x64.Build.0 = Release|x64
		{FDB0432A-B3B6-4DE8-872E-A2BD6D878CEF}.Release|x86.ActiveCfg = Release|Win32
		{FDB0432A-B3B6-4DE8-872E-A2BD6D878CEF}.Release|x86.Build.0 = Release|Win32
	EndGlobalSection
	GlobalSection(SolutionProperties) = preSolution
		HideSolutionNode = FALSE
	EndGlobalSection
	GlobalSection(ExtensibilityGlobals) = postSolution
		SolutionGuid = {E93B0E42-04CA-4298-81DA-812191BC5088}
	EndGlobalSection
EndGlobal
